[[package]]
name = "array-macro"
version = "1.0.3"
source = "registry+https://github.com/rust-lang/crates.io-index"

[[package]]
name = "enum-map"
version = "0.4.1"
source = "registry+https://github.com/rust-lang/crates.io-index"
dependencies = [
 "array-macro 1.0.3 (registry+https://github.com/rust-lang/crates.io-index)",
 "enum-map-derive 0.4.0 (registry+https://github.com/rust-lang/crates.io-index)",
 "reexport-proc-macro 1.0.5 (registry+https://github.com/rust-lang/crates.io-index)",
]

[[package]]
name = "enum-map-derive"
version = "0.4.0"
source = "registry+https://github.com/rust-lang/crates.io-index"
dependencies = [
 "proc-macro2 0.4.24 (registry+https://github.com/rust-lang/crates.io-index)",
 "quote 0.6.10 (registry+https://github.com/rust-lang/crates.io-index)",
 "syn 0.14.9 (registry+https://github.com/rust-lang/crates.io-index)",
]

[[package]]
name = "enumflags"
version = "0.4.1"
source = "registry+https://github.com/rust-lang/crates.io-index"

[[package]]
name = "enumflags_derive"
version = "0.4.1"
source = "registry+https://github.com/rust-lang/crates.io-index"
dependencies = [
 "proc-macro2 0.2.3 (registry+https://github.com/rust-lang/crates.io-index)",
 "quote 0.4.2 (registry+https://github.com/rust-lang/crates.io-index)",
 "syn 0.12.15 (registry+https://github.com/rust-lang/crates.io-index)",
]

[[package]]
name = "heck"
version = "0.3.1"
source = "registry+https://github.com/rust-lang/crates.io-index"
dependencies = [
 "unicode-segmentation 1.2.1 (registry+https://github.com/rust-lang/crates.io-index)",
]

[[package]]
name = "ktane-utils"
version = "0.1.0"
dependencies = [
 "enum-map 0.4.1 (registry+https://github.com/rust-lang/crates.io-index)",
 "enumflags 0.4.1 (registry+https://github.com/rust-lang/crates.io-index)",
 "enumflags_derive 0.4.1 (registry+https://github.com/rust-lang/crates.io-index)",
 "lazy_static 1.2.0 (registry+https://github.com/rust-lang/crates.io-index)",
 "num-derive 0.2.3 (registry+https://github.com/rust-lang/crates.io-index)",
 "num-traits 0.2.6 (registry+https://github.com/rust-lang/crates.io-index)",
 "ordered-float 1.0.1 (registry+https://github.com/rust-lang/crates.io-index)",
 "ordinal 0.2.2 (registry+https://github.com/rust-lang/crates.io-index)",
 "strum 0.13.0 (registry+https://github.com/rust-lang/crates.io-index)",
 "strum_macros 0.13.0 (registry+https://github.com/rust-lang/crates.io-index)",
]

[[package]]
name = "lazy_static"
version = "1.2.0"
source = "registry+https://github.com/rust-lang/crates.io-index"

[[package]]
name = "num-derive"
version = "0.2.3"
source = "registry+https://github.com/rust-lang/crates.io-index"
dependencies = [
 "num-traits 0.2.6 (registry+https://github.com/rust-lang/crates.io-index)",
 "proc-macro2 0.4.24 (registry+https://github.com/rust-lang/crates.io-index)",
 "quote 0.6.10 (registry+https://github.com/rust-lang/crates.io-index)",
 "syn 0.15.24 (registry+https://github.com/rust-lang/crates.io-index)",
]

[[package]]
name = "num-integer"
version = "0.1.39"
source = "registry+https://github.com/rust-lang/crates.io-index"
dependencies = [
 "num-traits 0.2.6 (registry+https://github.com/rust-lang/crates.io-index)",
]

[[package]]
name = "num-traits"
version = "0.2.6"
source = "registry+https://github.com/rust-lang/crates.io-index"

[[package]]
name = "ordered-float"
version = "1.0.1"
source = "registry+https://github.com/rust-lang/crates.io-index"
dependencies = [
 "num-traits 0.2.6 (registry+https://github.com/rust-lang/crates.io-index)",
]

[[package]]
name = "ordinal"
version = "0.2.2"
source = "registry+https://github.com/rust-lang/crates.io-index"
dependencies = [
 "num-integer 0.1.39 (registry+https://github.com/rust-lang/crates.io-index)",
]

[[package]]
name = "proc-macro2"
version = "0.2.3"
source = "registry+https://github.com/rust-lang/crates.io-index"
dependencies = [
 "unicode-xid 0.1.0 (registry+https://github.com/rust-lang/crates.io-index)",
]

[[package]]
name = "proc-macro2"
version = "0.4.24"
source = "registry+https://github.com/rust-lang/crates.io-index"
dependencies = [
 "unicode-xid 0.1.0 (registry+https://github.com/rust-lang/crates.io-index)",
]

[[package]]
name = "quote"
version = "0.4.2"
source = "registry+https://github.com/rust-lang/crates.io-index"
dependencies = [
 "proc-macro2 0.2.3 (registry+https://github.com/rust-lang/crates.io-index)",
]

[[package]]
name = "quote"
version = "0.6.10"
source = "registry+https://github.com/rust-lang/crates.io-index"
dependencies = [
 "proc-macro2 0.4.24 (registry+https://github.com/rust-lang/crates.io-index)",
]

[[package]]
name = "reexport-proc-macro"
version = "1.0.5"
source = "registry+https://github.com/rust-lang/crates.io-index"

[[package]]
name = "strum"
version = "0.13.0"
source = "registry+https://github.com/rust-lang/crates.io-index"

[[package]]
name = "strum_macros"
version = "0.13.0"
source = "registry+https://github.com/rust-lang/crates.io-index"
dependencies = [
 "heck 0.3.1 (registry+https://github.com/rust-lang/crates.io-index)",
 "proc-macro2 0.4.24 (registry+https://github.com/rust-lang/crates.io-index)",
 "quote 0.6.10 (registry+https://github.com/rust-lang/crates.io-index)",
 "syn 0.15.24 (registry+https://github.com/rust-lang/crates.io-index)",
]

[[package]]
name = "syn"
version = "0.12.15"
source = "registry+https://github.com/rust-lang/crates.io-index"
dependencies = [
 "proc-macro2 0.2.3 (registry+https://github.com/rust-lang/crates.io-index)",
 "quote 0.4.2 (registry+https://github.com/rust-lang/crates.io-index)",
 "unicode-xid 0.1.0 (registry+https://github.com/rust-lang/crates.io-index)",
]

[[package]]
name = "syn"
version = "0.14.9"
source = "registry+https://github.com/rust-lang/crates.io-index"
dependencies = [
 "proc-macro2 0.4.24 (registry+https://github.com/rust-lang/crates.io-index)",
 "quote 0.6.10 (registry+https://github.com/rust-lang/crates.io-index)",
 "unicode-xid 0.1.0 (registry+https://github.com/rust-lang/crates.io-index)",
]

[[package]]
name = "syn"
version = "0.15.24"
source = "registry+https://github.com/rust-lang/crates.io-index"
dependencies = [
 "proc-macro2 0.4.24 (registry+https://github.com/rust-lang/crates.io-index)",
 "quote 0.6.10 (registry+https://github.com/rust-lang/crates.io-index)",
 "unicode-xid 0.1.0 (registry+https://github.com/rust-lang/crates.io-index)",
]

[[package]]
name = "unicode-segmentation"
version = "1.2.1"
source = "registry+https://github.com/rust-lang/crates.io-index"

[[package]]
name = "unicode-xid"
version = "0.1.0"
source = "registry+https://github.com/rust-lang/crates.io-index"

[metadata]
"checksum array-macro 1.0.3 (registry+https://github.com/rust-lang/crates.io-index)" = "7c4ff37a25fb442a1fecfd399be0dde685558bca30fb998420532889a36852d2"
"checksum enum-map 0.4.1 (registry+https://github.com/rust-lang/crates.io-index)" = "caa1769f019df7ccd8f9a741d2d608309688d0f1bd8a8747c14ac993660c761c"
"checksum enum-map-derive 0.4.0 (registry+https://github.com/rust-lang/crates.io-index)" = "f915c8ef505ce27b6fa51515463938aa2e9135081fefc93aef786539a646a365"
"checksum enumflags 0.4.1 (registry+https://github.com/rust-lang/crates.io-index)" = "e16a4b7d6c9546d80d55ab06c8e34d3278cd146ad086a2123783e46025cb6370"
"checksum enumflags_derive 0.4.1 (registry+https://github.com/rust-lang/crates.io-index)" = "0e6648fcaf39dc75db0c821841e0194240182e03387df4f27cee712ee171a990"
"checksum heck 0.3.1 (registry+https://github.com/rust-lang/crates.io-index)" = "20564e78d53d2bb135c343b3f47714a56af2061f1c928fdb541dc7b9fdd94205"
"checksum lazy_static 1.2.0 (registry+https://github.com/rust-lang/crates.io-index)" = "a374c89b9db55895453a74c1e38861d9deec0b01b405a82516e9d5de4820dea1"
"checksum num-derive 0.2.3 (registry+https://github.com/rust-lang/crates.io-index)" = "8af1847c907c2f04d7bfd572fb25bbb4385c637fe5be163cf2f8c5d778fe1e7d"
"checksum num-integer 0.1.39 (registry+https://github.com/rust-lang/crates.io-index)" = "e83d528d2677f0518c570baf2b7abdcf0cd2d248860b68507bdcb3e91d4c0cea"
"checksum num-traits 0.2.6 (registry+https://github.com/rust-lang/crates.io-index)" = "0b3a5d7cc97d6d30d8b9bc8fa19bf45349ffe46241e8816f50f62f6d6aaabee1"
"checksum ordered-float 1.0.1 (registry+https://github.com/rust-lang/crates.io-index)" = "2f0015e9e8e28ee20c581cfbfe47c650cedeb9ed0721090e0b7ebb10b9cdbcc2"
"checksum ordinal 0.2.2 (registry+https://github.com/rust-lang/crates.io-index)" = "8a7416e4cb21a9e0c8715a161c2e07b219e5c183931da66e96af76ccc0df35b3"
"checksum proc-macro2 0.2.3 (registry+https://github.com/rust-lang/crates.io-index)" = "cd07deb3c6d1d9ff827999c7f9b04cdfd66b1b17ae508e14fe47b620f2282ae0"
"checksum proc-macro2 0.4.24 (registry+https://github.com/rust-lang/crates.io-index)" = "77619697826f31a02ae974457af0b29b723e5619e113e9397b8b82c6bd253f09"
"checksum quote 0.4.2 (registry+https://github.com/rust-lang/crates.io-index)" = "1eca14c727ad12702eb4b6bfb5a232287dcf8385cb8ca83a3eeaf6519c44c408"
"checksum quote 0.6.10 (registry+https://github.com/rust-lang/crates.io-index)" = "53fa22a1994bd0f9372d7a816207d8a2677ad0325b073f5c5332760f0fb62b5c"
"checksum reexport-proc-macro 1.0.5 (registry+https://github.com/rust-lang/crates.io-index)" = "438fe63770eda15baf98e30b4d27ada49b932866307fa04fec24d9043fe63324"
"checksum strum 0.13.0 (registry+https://github.com/rust-lang/crates.io-index)" = "f6b3fc98c482ff9bb37a6db6a6491218c4c82bec368bd5682033e5b96b969143"
"checksum strum_macros 0.13.0 (registry+https://github.com/rust-lang/crates.io-index)" = "6969d7021d96b53b12b774d4f412026f1debe7f168a0b8c59e93b4c1e850a05f"
"checksum syn 0.12.15 (registry+https://github.com/rust-lang/crates.io-index)" = "c97c05b8ebc34ddd6b967994d5c6e9852fa92f8b82b3858c39451f97346dcce5"
"checksum syn 0.14.9 (registry+https://github.com/rust-lang/crates.io-index)" = "261ae9ecaa397c42b960649561949d69311f08eeaea86a65696e6e46517cf741"
"checksum syn 0.15.24 (registry+https://github.com/rust-lang/crates.io-index)" = "734ecc29cd36e8123850d9bf21dfd62ef8300aaa8f879aabaa899721808be37c"
"checksum unicode-segmentation 1.2.1 (registry+https://github.com/rust-lang/crates.io-index)" = "aa6024fc12ddfd1c6dbc14a80fa2324d4568849869b779f6bd37e5e4c03344d1"
"checksum unicode-xid 0.1.0 (registry+https://github.com/rust-lang/crates.io-index)" = "fc72304796d0818e357ead4e000d19c9c174ab23dc11093ac919054d20a6a7fc"
